
Microsoft Visual Studio Solution File, Format Version 12.00
# Visual Studio 15
Project("{FAE04EC0-301F-11D3-BF4B-00C04F79EFBC}") = "Assembly-CSharp", "Assembly-CSharp.csproj", "{0236F622-9974-CCE6-F896-3920A9761F55}"
EndProject
Project("{FAE04EC0-301F-11D3-BF4B-00C04F79EFBC}") = "Assembly-CSharp-Editor", "Assembly-CSharp-Editor.csproj", "{3D8519B0-69A6-6B1F-AA68-CF7055FB04EC}"
EndProject
Global
	GlobalSection(SolutionConfigurationPlatforms) = preSolution
		Debug|Any CPU = Debug|Any CPU
		Release|Any CPU = Release|Any CPU
	EndGlobalSection
	GlobalSection(ProjectConfigurationPlatforms) = postSolution
		{0236F622-9974-CCE6-F896-3920A9761F55}.Debug|Any CPU.ActiveCfg = Debug|Any CPU
		{0236F622-9974-CCE6-F896-3920A9761F55}.Debug|Any CPU.Build.0 = Debug|Any CPU
		{0236F622-9974-CCE6-F896-3920A9761F55}.Release|Any CPU.ActiveCfg = Release|Any CPU
		{0236F622-9974-CCE6-F896-3920A9761F55}.Release|Any CPU.Build.0 = Release|Any CPU
		{3D8519B0-69A6-6B1F-AA68-CF7055FB04EC}.Debug|Any CPU.ActiveCfg = Debug|Any CPU
		{3D8519B0-69A6-6B1F-AA68-CF7055FB04EC}.Debug|Any CPU.Build.0 = Debug|Any CPU
		{3D8519B0-69A6-6B1F-AA68-CF7055FB04EC}.Release|Any CPU.ActiveCfg = Release|Any CPU
		{3D8519B0-69A6-6B1F-AA68-CF7055FB04EC}.Release|Any CPU.Build.0 = Release|Any CPU
	EndGlobalSection
	GlobalSection(SolutionProperties) = preSolution
		HideSolutionNode = FALSE
	EndGlobalSection
EndGlobal
